// !$*UTF8*$!
{
	archiveVersion = 1;
	classes = {
	};
	objectVersion = 50;
	objects = {

/* Begin PBXBuildFile section */
		35156735239065560090395C /* AppDelegate.swift in Sources */ = {isa = PBXBuildFile; fileRef = 35156734239065560090395C /* AppDelegate.swift */; };
		35156737239065570090395C /* SceneDelegate.swift in Sources */ = {isa = PBXBuildFile; fileRef = 35156736239065570090395C /* SceneDelegate.swift */; };
		35156739239065570090395C /* ContentView.swift in Sources */ = {isa = PBXBuildFile; fileRef = 35156738239065570090395C /* ContentView.swift */; };
		3515673B2390655F0090395C /* Assets.xcassets in Resources */ = {isa = PBXBuildFile; fileRef = 3515673A2390655F0090395C /* Assets.xcassets */; };
		3515673E2390655F0090395C /* Preview Assets.xcassets in Resources */ = {isa = PBXBuildFile; fileRef = 3515673D2390655F0090395C /* Preview Assets.xcassets */; };
		351567412390655F0090395C /* LaunchScreen.storyboard in Resources */ = {isa = PBXBuildFile; fileRef = 3515673F2390655F0090395C /* LaunchScreen.storyboard */; };
		3515674C2390655F0090395C /* TutorialClipboardWatcherTests.swift in Sources */ = {isa = PBXBuildFile; fileRef = 3515674B2390655F0090395C /* TutorialClipboardWatcherTests.swift */; };
/* End PBXBuildFile section */

/* Begin PBXContainerItemProxy section */
		351567482390655F0090395C /* PBXContainerItemProxy */ = {
			isa = PBXContainerItemProxy;
			containerPortal = 35156729239065560090395C /* Project object */;
			proxyType = 1;
			remoteGlobalIDString = 35156730239065560090395C;
			remoteInfo = TutorialClipboardWatcher;
		};
/* End PBXContainerItemProxy section */

/* Begin PBXFileReference section */
		35156731239065560090395C /* TutorialClipboardWatcher.app */ = {isa = PBXFileReference; explicitFileType = wrapper.application; includeInIndex = 0; path = TutorialClipboardWatcher.app; sourceTree = BUILT_PRODUCTS_DIR; };
		35156734239065560090395C /* AppDelegate.swift */ = {isa = PBXFileReference; lastKnownFileType = sourcecode.swift; path = AppDelegate.swift; sourceTree = "<group>"; };
		35156736239065570090395C /* SceneDelegate.swift */ = {isa = PBXFileReference; lastKnownFileType = sourcecode.swift; path = SceneDelegate.swift; sourceTree = "<group>"; };
		35156738239065570090395C /* ContentView.swift */ = {isa = PBXFileReference; lastKnownFileType = sourcecode.swift; path = ContentView.swift; sourceTree = "<group>"; };
		3515673A2390655F0090395C /* Assets.xcassets */ = {isa = PBXFileReference; lastKnownFileType = folder.assetcatalog; path = Assets.xcassets; sourceTree = "<group>"; };
		3515673D2390655F0090395C /* Preview Assets.xcassets */ = {isa = PBXFileReference; lastKnownFileType = folder.assetcatalog; path = "Preview Assets.xcassets"; sourceTree = "<group>"; };
		351567402390655F0090395C /* Base */ = {isa = PBXFileReference; lastKnownFileType = file.storyboard; name = Base; path = Base.lproj/LaunchScreen.storyboard; sourceTree = "<group>"; };
		351567422390655F0090395C /* Info.plist */ = {isa = PBXFileReference; lastKnownFileType = text.plist.xml; path = Info.plist; sourceTree = "<group>"; };
		351567472390655F0090395C /* TutorialClipboardWatcherTests.xctest */ = {isa = PBXFileReference; explicitFileType = wrapper.cfbundle; includeInIndex = 0; path = TutorialClipboardWatcherTests.xctest; sourceTree = BUILT_PRODUCTS_DIR; };
		3515674B2390655F0090395C /* TutorialClipboardWatcherTests.swift */ = {isa = PBXFileReference; lastKnownFileType = sourcecode.swift; path = TutorialClipboardWatcherTests.swift; sourceTree = "<group>"; };
		3515674D2390655F0090395C /* Info.plist */ = {isa = PBXFileReference; lastKnownFileType = text.plist.xml; path = Info.plist; sourceTree = "<group>"; };
/* End PBXFileReference section */

/* Begin PBXFrameworksBuildPhase section */
		3515672E239065560090395C /* Frameworks */ = {
			isa = PBXFrameworksBuildPhase;
			buildActionMask = 2147483647;
			files = (
			);
			runOnlyForDeploymentPostprocessing = 0;
		};
		351567442390655F0090395C /* Frameworks */ = {
			isa = PBXFrameworksBuildPhase;
			buildActionMask = 2147483647;
			files = (
			);
			runOnlyForDeploymentPostprocessing = 0;
		};
/* End PBXFrameworksBuildPhase section */

/* Begin PBXGroup section */
		35156728239065560090395C = {
			isa = PBXGroup;
			children = (
				35156733239065560090395C /* TutorialClipboardWatcher */,
				3515674A2390655F0090395C /* TutorialClipboardWatcherTests */,
				35156732239065560090395C /* Products */,
			);
			sourceTree = "<group>";
		};
		35156732239065560090395C /* Products */ = {
			isa = PBXGroup;
			children = (
				35156731239065560090395C /* TutorialClipboardWatcher.app */,
				351567472390655F0090395C /* TutorialClipboardWatcherTests.xctest */,
			);
			name = Products;
			sourceTree = "<group>";
		};
		35156733239065560090395C /* TutorialClipboardWatcher */ = {
			isa = PBXGroup;
			children = (
				35156734239065560090395C /* AppDelegate.swift */,
				35156736239065570090395C /* SceneDelegate.swift */,
				35156738239065570090395C /* ContentView.swift */,
				3515673A2390655F0090395C /* Assets.xcassets */,
				3515673F2390655F0090395C /* LaunchScreen.storyboard */,
				351567422390655F0090395C /* Info.plist */,
				3515673C2390655F0090395C /* Preview Content */,
			);
			path = TutorialClipboardWatcher;
			sourceTree = "<group>";
		};
		3515673C2390655F0090395C /* Preview Content */ = {
			isa = PBXGroup;
			children = (
				3515673D2390655F0090395C /* Preview Assets.xcassets */,
			);
			path = "Preview Content";
			sourceTree = "<group>";
		};
		3515674A2390655F0090395C /* TutorialClipboardWatcherTests */ = {
			isa = PBXGroup;
			children = (
				3515674B2390655F0090395C /* TutorialClipboardWatcherTests.swift */,
				3515674D2390655F0090395C /* Info.plist */,
			);
			path = TutorialClipboardWatcherTests;
			sourceTree = "<group>";
		};
/* End PBXGroup section */

/* Begin PBXNativeTarget section */
		35156730239065560090395C /* TutorialClipboardWatcher */ = {
			isa = PBXNativeTarget;
			buildConfigurationList = 351567502390655F0090395C /* Build configuration list for PBXNativeTarget "TutorialClipboardWatcher" */;
			buildPhases = (
				3515672D239065560090395C /* Sources */,
				3515672E239065560090395C /* Frameworks */,
				3515672F239065560090395C /* Resources */,
			);
			buildRules = (
			);
			dependencies = (
			);
			name = TutorialClipboardWatcher;
			productName = TutorialClipboardWatcher;
			productReference = 35156731239065560090395C /* TutorialClipboardWatcher.app */;
			productType = "com.apple.product-type.application";
		};
		351567462390655F0090395C /* TutorialClipboardWatcherTests */ = {
			isa = PBXNativeTarget;
			buildConfigurationList = 351567532390655F0090395C /* Build configuration list for PBXNativeTarget "TutorialClipboardWatcherTests" */;
			buildPhases = (
				351567432390655F0090395C /* Sources */,
				351567442390655F0090395C /* Frameworks */,
				351567452390655F0090395C /* Resources */,
			);
			buildRules = (
			);
			dependencies = (
				351567492390655F0090395C /* PBXTargetDependency */,
			);
			name = TutorialClipboardWatcherTests;
			productName = TutorialClipboardWatcherTests;
			productReference = 351567472390655F0090395C /* TutorialClipboardWatcherTests.xctest */;
			productType = "com.apple.product-type.bundle.unit-test";
		};
/* End PBXNativeTarget section */

/* Begin PBXProject section */
		35156729239065560090395C /* Project object */ = {
			isa = PBXProject;
			attributes = {
				LastSwiftUpdateCheck = 1120;
				LastUpgradeCheck = 1120;
				ORGANIZATIONNAME = IdiotLeon;
				TargetAttributes = {
					35156730239065560090395C = {
						CreatedOnToolsVersion = 11.2.1;
					};
					351567462390655F0090395C = {
						CreatedOnToolsVersion = 11.2.1;
						TestTargetID = 35156730239065560090395C;
					};
				};
			};
			buildConfigurationList = 3515672C239065560090395C /* Build configuration list for PBXProject "TutorialClipboardWatcher" */;
			compatibilityVersion = "Xcode 9.3";
			developmentRegion = en;
			hasScannedForEncodings = 0;
			knownRegions = (
				en,
				Base,
			);
			mainGroup = 35156728239065560090395C;
			productRefGroup = 35156732239065560090395C /* Products */;
			projectDirPath = "";
			projectRoot = "";
			targets = (
				35156730239065560090395C /* TutorialClipboardWatcher */,
				351567462390655F0090395C /* TutorialClipboardWatcherTests */,
			);
		};
/* End PBXProject section */

/* Begin PBXResourcesBuildPhase section */
		3515672F239065560090395C /* Resources */ = {
			isa = PBXResourcesBuildPhase;
			buildActionMask = 2147483647;
			files = (
				351567412390655F0090395C /* LaunchScreen.storyboard in Resources */,
				3515673E2390655F0090395C /* Preview Assets.xcassets in Resources */,
				3515673B2390655F0090395C /* Assets.xcassets in Resources */,
			);
			runOnlyForDeploymentPostprocessing = 0;
		};
		351567452390655F0090395C /* Resources */ = {
			isa = PBXResourcesBuildPhase;
			buildActionMask = 2147483647;
			files = (
			);
			runOnlyForDeploymentPostprocessing = 0;
		};
/* End PBXResourcesBuildPhase section */

/* Begin PBXSourcesBuildPhase section */
		3515672D239065560090395C /* Sources */ = {
			isa = PBXSourcesBuildPhase;
			buildActionMask = 2147483647;
			files = (
				35156735239065560090395C /* AppDelegate.swift in Sources */,
				35156737239065570090395C /* SceneDelegate.swift in Sources */,
				35156739239065570090395C /* ContentView.swift in Sources */,
			);
			runOnlyForDeploymentPostprocessing = 0;
		};
		351567432390655F0090395C /* Sources */ = {
			isa = PBXSourcesBuildPhase;
			buildActionMask = 2147483647;
			files = (
				3515674C2390655F0090395C /* TutorialClipboardWatcherTests.swift in Sources */,
			);
			runOnlyForDeploymentPostprocessing = 0;
		};
/* End PBXSourcesBuildPhase section */

/* Begin PBXTargetDependency section */
		351567492390655F0090395C /* PBXTargetDependency */ = {
			isa = PBXTargetDependency;
			target = 35156730239065560090395C /* TutorialClipboardWatcher */;
			targetProxy = 351567482390655F0090395C /* PBXContainerItemProxy */;
		};
/* End PBXTargetDependency section */

/* Begin PBXVariantGroup section */
		3515673F2390655F0090395C /* LaunchScreen.storyboard */ = {
			isa = PBXVariantGroup;
			children = (
				351567402390655F0090395C /* Base */,
			);
			name = LaunchScreen.storyboard;
			sourceTree = "<group>";
		};
/* End PBXVariantGroup section */

/* Begin XCBuildConfiguration section */
		3515674E2390655F0090395C /* Debug */ = {
			isa = XCBuildConfiguration;
			buildSettings = {
				ALWAYS_SEARCH_USER_PATHS = NO;
				CLANG_ANALYZER_NONNULL = YES;
				CLANG_ANALYZER_NUMBER_OBJECT_CONVERSION = YES_AGGRESSIVE;
				CLANG_CXX_LANGUAGE_STANDARD = "gnu++14";
				CLANG_CXX_LIBRARY = "libc++";
				CLANG_ENABLE_MODULES = YES;
				CLANG_ENABLE_OBJC_ARC = YES;
				CLANG_ENABLE_OBJC_WEAK = YES;
				CLANG_WARN_BLOCK_CAPTURE_AUTORELEASING = YES;
				CLANG_WARN_BOOL_CONVERSION = YES;
				CLANG_WARN_COMMA = YES;
				CLANG_WARN_CONSTANT_CONVERSION = YES;
				CLANG_WARN_DEPRECATED_OBJC_IMPLEMENTATIONS = YES;
				CLANG_WARN_DIRECT_OBJC_ISA_USAGE = YES_ERROR;
				CLANG_WARN_DOCUMENTATION_COMMENTS = YES;
				CLANG_WARN_EMPTY_BODY = YES;
				CLANG_WARN_ENUM_CONVERSION = YES;
				CLANG_WARN_INFINITE_RECURSION = YES;
				CLANG_WARN_INT_CONVERSION = YES;
				CLANG_WARN_NON_LITERAL_NULL_CONVERSION = YES;
				CLANG_WARN_OBJC_IMPLICIT_RETAIN_SELF = YES;
				CLANG_WARN_OBJC_LITERAL_CONVERSION = YES;
				CLANG_WARN_OBJC_ROOT_CLASS = YES_ERROR;
				CLANG_WARN_RANGE_LOOP_ANALYSIS = YES;
				CLANG_WARN_STRICT_PROTOTYPES = YES;
				CLANG_WARN_SUSPICIOUS_MOVE = YES;
				CLANG_WARN_UNGUARDED_AVAILABILITY = YES_AGGRESSIVE;
				CLANG_WARN_UNREACHABLE_CODE = YES;
				CLANG_WARN__DUPLICATE_METHOD_MATCH = YES;
				COPY_PHASE_STRIP = NO;
				DEBUG_INFORMATION_FORMAT = dwarf;
				ENABLE_STRICT_OBJC_MSGSEND = YES;
				ENABLE_TESTABILITY = YES;
				GCC_C_LANGUAGE_STANDARD = gnu11;
				GCC_DYNAMIC_NO_PIC = NO;
				GCC_NO_COMMON_BLOCKS = YES;
				GCC_OPTIMIZATION_LEVEL = 0;
				GCC_PREPROCESSOR_DEFINITIONS = (
					"DEBUG=1",
					"$(inherited)",
				);
				GCC_WARN_64_TO_32_BIT_CONVERSION = YES;
				GCC_WARN_ABOUT_RETURN_TYPE = YES_ERROR;
				GCC_WARN_UNDECLARED_SELECTOR = YES;
				GCC_WARN_UNINITIALIZED_AUTOS = YES_AGGRESSIVE;
				GCC_WARN_UNUSED_FUNCTION = YES;
				GCC_WARN_UNUSED_VARIABLE = YES;
				IPHONEOS_DEPLOYMENT_TARGET = 13.2;
				MTL_ENABLE_DEBUG_INFO = INCLUDE_SOURCE;
				MTL_FAST_MATH = YES;
				ONLY_ACTIVE_ARCH = YES;
				SDKROOT = iphoneos;
				SWIFT_ACTIVE_COMPILATION_CONDITIONS = DEBUG;
				SWIFT_OPTIMIZATION_LEVEL = "-Onone";
			};
			name = Debug;
		};
		3515674F2390655F0090395C /* Release */ = {
			isa = XCBuildConfiguration;
			buildSettings = {
				ALWAYS_SEARCH_USER_PATHS = NO;
				CLANG_ANALYZER_NONNULL = YES;
				CLANG_ANALYZER_NUMBER_OBJECT_CONVERSION = YES_AGGRESSIVE;
				CLANG_CXX_LANGUAGE_STANDARD = "gnu++14";
				CLANG_CXX_LIBRARY = "libc++";
				CLANG_ENABLE_MODULES = YES;
				CLANG_ENABLE_OBJC_ARC = YES;
				CLANG_ENABLE_OBJC_WEAK = YES;
				CLANG_WARN_BLOCK_CAPTURE_AUTORELEASING = YES;
				CLANG_WARN_BOOL_CONVERSION = YES;
				CLANG_WARN_COMMA = YES;
				CLANG_WARN_CONSTANT_CONVERSION = YES;
				CLANG_WARN_DEPRECATED_OBJC_IMPLEMENTATIONS = YES;
				CLANG_WARN_DIRECT_OBJC_ISA_USAGE = YES_ERROR;
				CLANG_WARN_DOCUMENTATION_COMMENTS = YES;
				CLANG_WARN_EMPTY_BODY = YES;
				CLANG_WARN_ENUM_CONVERSION = YES;
				CLANG_WARN_INFINITE_RECURSION = YES;
				CLANG_WARN_INT_CONVERSION = YES;
				CLANG_WARN_NON_LITERAL_NULL_CONVERSION = YES;
				CLANG_WARN_OBJC_IMPLICIT_RETAIN_SELF = YES;
				CLANG_WARN_OBJC_LITERAL_CONVERSION = YES;
				CLANG_WARN_OBJC_ROOT_CLASS = YES_ERROR;
				CLANG_WARN_RANGE_LOOP_ANALYSIS = YES;
				CLANG_WARN_STRICT_PROTOTYPES = YES;
				CLANG_WARN_SUSPICIOUS_MOVE = YES;
				CLANG_WARN_UNGUARDED_AVAILABILITY = YES_AGGRESSIVE;
				CLANG_WARN_UNREACHABLE_CODE = YES;
				CLANG_WARN__DUPLICATE_METHOD_MATCH = YES;
				COPY_PHASE_STRIP = NO;
				DEBUG_INFORMATION_FORMAT = "dwarf-with-dsym";
				ENABLE_NS_ASSERTIONS = NO;
				ENABLE_STRICT_OBJC_MSGSEND = YES;
				GCC_C_LANGUAGE_STANDARD = gnu11;
				GCC_NO_COMMON_BLOCKS = YES;
				GCC_WARN_64_TO_32_BIT_CONVERSION = YES;
				GCC_WARN_ABOUT_RETURN_TYPE = YES_ERROR;
				GCC_WARN_UNDECLARED_SELECTOR = YES;
				GCC_WARN_UNINITIALIZED_AUTOS = YES_AGGRESSIVE;
				GCC_WARN_UNUSED_FUNCTION = YES;
				GCC_WARN_UNUSED_VARIABLE = YES;
				IPHONEOS_DEPLOYMENT_TARGET = 13.2;
				MTL_ENABLE_DEBUG_INFO = NO;
				MTL_FAST_MATH = YES;
				SDKROOT = iphoneos;
				SWIFT_COMPILATION_MODE = wholemodule;
				SWIFT_OPTIMIZATION_LEVEL = "-O";
				VALIDATE_PRODUCT = YES;
			};
			name = Release;
		};
		351567512390655F0090395C /* Debug */ = {
			isa = XCBuildConfiguration;
			buildSettings = {
				ASSETCATALOG_COMPILER_APPICON_NAME = AppIcon;
				CODE_SIGN_STYLE = Automatic;
				DEVELOPMENT_ASSET_PATHS = "\"TutorialClipboardWatcher/Preview Content\"";
				DEVELOPMENT_TEAM = 34MP373YHD;
				ENABLE_PREVIEWS = YES;
				INFOPLIST_FILE = TutorialClipboardWatcher/Info.plist;
				LD_RUNPATH_SEARCH_PATHS = (
					"$(inherited)",
					"@executable_path/Frameworks",
				);
				PRODUCT_BUNDLE_IDENTIFIER = com.idiotLeon.TutorialClipboardWatcher;
				PRODUCT_NAME = "$(TARGET_NAME)";
				SWIFT_VERSION = 5.0;
				TARGETED_DEVICE_FAMILY = "1,2";
			};
			name = Debug;
		};
		351567522390655F0090395C /* Release */ = {
			isa = XCBuildConfiguration;
			buildSettings = {
				ASSETCATALOG_COMPILER_APPICON_NAME = AppIcon;
				CODE_SIGN_STYLE = Automatic;
				DEVELOPMENT_ASSET_PATHS = "\"TutorialClipboardWatcher/Preview Content\"";
				DEVELOPMENT_TEAM = 34MP373YHD;
				ENABLE_PREVIEWS = YES;
				INFOPLIST_FILE = TutorialClipboardWatcher/Info.plist;
				LD_RUNPATH_SEARCH_PATHS = (
					"$(inherited)",
					"@executable_path/Frameworks",
				);
				PRODUCT_BUNDLE_IDENTIFIER = com.idiotLeon.TutorialClipboardWatcher;
				PRODUCT_NAME = "$(TARGET_NAME)";
				SWIFT_VERSION = 5.0;
				TARGETED_DEVICE_FAMILY = "1,2";
			};
			name = Release;
		};
		351567542390655F0090395C /* Debug */ = {
			isa = XCBuildConfiguration;
			buildSettings = {
				ALWAYS_EMBED_SWIFT_STANDARD_LIBRARIES = YES;
				BUNDLE_LOADER = "$(TEST_HOST)";
				CODE_SIGN_STYLE = Automatic;
				DEVELOPMENT_TEAM = 34MP373YHD;
				INFOPLIST_FILE = TutorialClipboardWatcherTests/Info.plist;
				IPHONEOS_DEPLOYMENT_TARGET = 13.2;
				LD_RUNPATH_SEARCH_PATHS = (
					"$(inherited)",
					"@executable_path/Frameworks",
					"@loader_path/Frameworks",
				);
				PRODUCT_BUNDLE_IDENTIFIER = com.idiotLeon.TutorialClipboardWatcherTests;
				PRODUCT_NAME = "$(TARGET_NAME)";
				SWIFT_VERSION = 5.0;
				TARGETED_DEVICE_FAMILY = "1,2";
				TEST_HOST = "$(BUILT_PRODUCTS_DIR)/TutorialClipboardWatcher.app/TutorialClipboardWatcher";
			};
			name = Debug;
		};
		351567552390655F0090395C /* Release */ = {
			isa = XCBuildConfiguration;
			buildSettings = {
				ALWAYS_EMBED_SWIFT_STANDARD_LIBRARIES = YES;
				BUNDLE_LOADER = "$(TEST_HOST)";
				CODE_SIGN_STYLE = Automatic;
				DEVELOPMENT_TEAM = 34MP373YHD;
				INFOPLIST_FILE = TutorialClipboardWatcherTests/Info.plist;
				IPHONEOS_DEPLOYMENT_TARGET = 13.2;
				LD_RUNPATH_SEARCH_PATHS = (
					"$(inherited)",
					"@executable_path/Frameworks",
					"@loader_path/Frameworks",
				);
				PRODUCT_BUNDLE_IDENTIFIER = com.idiotLeon.TutorialClipboardWatcherTests;
				PRODUCT_NAME = "$(TARGET_NAME)";
				SWIFT_VERSION = 5.0;
				TARGETED_DEVICE_FAMILY = "1,2";
				TEST_HOST = "$(BUILT_PRODUCTS_DIR)/TutorialClipboardWatcher.app/TutorialClipboardWatcher";
			};
			name = Release;
		};
/* End XCBuildConfiguration section */

/* Begin XCConfigurationList section */
		3515672C239065560090395C /* Build configuration list for PBXProject "TutorialClipboardWatcher" */ = {
			isa = XCConfigurationList;
			buildConfigurations = (
				3515674E2390655F0090395C /* Debug */,
				3515674F2390655F0090395C /* Release */,
			);
			defaultConfigurationIsVisible = 0;
			defaultConfigurationName = Release;
		};
		351567502390655F0090395C /* Build configuration list for PBXNativeTarget "TutorialClipboardWatcher" */ = {
			isa = XCConfigurationList;
			buildConfigurations = (
				351567512390655F0090395C /* Debug */,
				351567522390655F0090395C /* Release */,
			);
			defaultConfigurationIsVisible = 0;
			defaultConfigurationName = Release;
		};
		351567532390655F0090395C /* Build configuration list for PBXNativeTarget "TutorialClipboardWatcherTests" */ = {
			isa = XCConfigurationList;
			buildConfigurations = (
				351567542390655F0090395C /* Debug */,
				351567552390655F0090395C /* Release */,
			);
			defaultConfigurationIsVisible = 0;
			defaultConfigurationName = Release;
		};
/* End XCConfigurationList section */
	};
	rootObject = 35156729239065560090395C /* Project object */;
}
